
Microsoft Visual Studio Solution File, Format Version 12.00
# Visual Studio Version 16
VisualStudioVersion = 16.0.30717.126
MinimumVisualStudioVersion = 10.0.40219.1
Project("{FAE04EC0-301F-11D3-BF4B-00C04F79EFBC}") = "MvcExcel", "MvcExcel.csproj", "{30397F27-43C4-4476-9E23-6B41498C5183}"
EndProject
Global
	GlobalSection(SolutionConfigurationPlatforms) = preSolution
		Debug|Any CPU = Debug|Any CPU
		Release|Any CPU = Release|Any CPU
	EndGlobalSection
	GlobalSection(ProjectConfigurationPlatforms) = postSolution
		{30397F27-43C4-4476-9E23-6B41498C5183}.Debug|Any CPU.ActiveCfg = Debug|Any CPU
		{30397F27-43C4-4476-9E23-6B41498C5183}.Debug|Any CPU.Build.0 = Debug|Any CPU
		{30397F27-43C4-4476-9E23-6B41498C5183}.Release|Any CPU.ActiveCfg = Release|Any CPU
		{30397F27-43C4-4476-9E23-6B41498C5183}.Release|Any CPU.Build.0 = Release|Any CPU
	EndGlobalSection
	GlobalSection(SolutionProperties) = preSolution
		HideSolutionNode = FALSE
	EndGlobalSection
	GlobalSection(ExtensibilityGlobals) = postSolution
		SolutionGuid = {88A94DA0-09DE-4B81-BD84-BE4E79CC7E9A}
	EndGlobalSection
EndGlobal
